
Microsoft Visual Studio Solution File, Format Version 12.00
# Visual Studio Version 17
VisualStudioVersion = 17.13.35919.96
MinimumVisualStudioVersion = 10.0.40219.1
Project("{8BC9CEB8-8B4A-11D0-8D11-00A0C91BC942}") = "project2_task1", "project2_task1\project2_task1.vcxproj", "{B559CE84-E694-4D45-A1EB-BDFD84902127}"
EndProject
Project("{8BC9CEB8-8B4A-11D0-8D11-00A0C91BC942}") = "project2_task2", "project2_task2\project2_task2.vcxproj", "{306E9B9E-3072-47AF-AC70-F38D393B17DC}"
EndProject
Project("{8BC9CEB8-8B4A-11D0-8D11-00A0C91BC942}") = "project2_task3", "project2_task3\project2_task3.vcxproj", "{DE29ECFD-490B-428F-8D4A-C9ABBCA0E58C}"
EndProject
Project("{8BC9CEB8-8B4A-11D0-8D11-00A0C91BC942}") = "project2_task4", "project2_task4\project2_task4.vcxproj", "{3C81F7BF-A282-4AA8-B1AF-24C84EF0322E}"
EndProject
Project("{8BC9CEB8-8B4A-11D0-8D11-00A0C91BC942}") = "project2_task5", "project2_task5\project2_task5.vcxproj", "{B96ED462-5CA0-4159-822F-8E8F3BE49179}"
EndProject
Project("{8BC9CEB8-8B4A-11D0-8D11-00A0C91BC942}") = "project2_task6", "project2_task6\project2_task6.vcxproj", "{7B2B44C8-FEE0-444A-A705-FFF1838C08ED}"
EndProject
Global
	GlobalSection(SolutionConfigurationPlatforms) = preSolution
		Debug|x86 = Debug|x86
		Release|x86 = Release|x86
	EndGlobalSection
	GlobalSection(ProjectConfigurationPlatforms) = postSolution
		{B559CE84-E694-4D45-A1EB-BDFD84902127}.Debug|x86.ActiveCfg = Debug|Win32
		{B559CE84-E694-4D45-A1EB-BDFD84902127}.Debug|x86.Build.0 = Debug|Win32
		{B559CE84-E694-4D45-A1EB-BDFD84902127}.Release|x86.ActiveCfg = Release|Win32
		{B559CE84-E694-4D45-A1EB-BDFD84902127}.Release|x86.Build.0 = Release|Win32
		{306E9B9E-3072-47AF-AC70-F38D393B17DC}.Debug|x86.ActiveCfg = Debug|Win32
		{306E9B9E-3072-47AF-AC70-F38D393B17DC}.Debug|x86.Build.0 = Debug|Win32
		{306E9B9E-3072-47AF-AC70-F38D393B17DC}.Release|x86.ActiveCfg = Release|Win32
		{306E9B9E-3072-47AF-AC70-F38D393B17DC}.Release|x86.Build.0 = Release|Win32
		{DE29ECFD-490B-428F-8D4A-C9ABBCA0E58C}.Debug|x86.ActiveCfg = Debug|Win32
		{DE29ECFD-490B-428F-8D4A-C9ABBCA0E58C}.Debug|x86.Build.0 = Debug|Win32
		{DE29ECFD-490B-428F-8D4A-C9ABBCA0E58C}.Release|x86.ActiveCfg = Release|Win32
		{DE29ECFD-490B-428F-8D4A-C9ABBCA0E58C}.Release|x86.Build.0 = Release|Win32
		{3C81F7BF-A282-4AA8-B1AF-24C84EF0322E}.Debug|x86.ActiveCfg = Debug|Win32
		{3C81F7BF-A282-4AA8-B1AF-24C84EF0322E}.Debug|x86.Build.0 = Debug|Win32
		{3C81F7BF-A282-4AA8-B1AF-24C84EF0322E}.Release|x86.ActiveCfg = Release|Win32
		{3C81F7BF-A282-4AA8-B1AF-24C84EF0322E}.Release|x86.Build.0 = Release|Win32
		{B96ED462-5CA0-4159-822F-8E8F3BE49179}.Debug|x86.ActiveCfg = Debug|Win32
		{B96ED462-5CA0-4159-822F-8E8F3BE49179}.Debug|x86.Build.0 = Debug|Win32
		{B96ED462-5CA0-4159-822F-8E8F3BE49179}.Release|x86.ActiveCfg = Release|Win32
		{B96ED462-5CA0-4159-822F-8E8F3BE49179}.Release|x86.Build.0 = Release|Win32
		{7B2B44C8-FEE0-444A-A705-FFF1838C08ED}.Debug|x86.ActiveCfg = Debug|Win32
		{7B2B44C8-FEE0-444A-A705-FFF1838C08ED}.Debug|x86.Build.0 = Debug|Win32
		{7B2B44C8-FEE0-444A-A705-FFF1838C08ED}.Release|x86.ActiveCfg = Release|Win32
		{7B2B44C8-FEE0-444A-A705-FFF1838C08ED}.Release|x86.Build.0 = Release|Win32
	EndGlobalSection
	GlobalSection(SolutionProperties) = preSolution
		HideSolutionNode = FALSE
	EndGlobalSection
	GlobalSection(ExtensibilityGlobals) = postSolution
		SolutionGuid = {63982078-6897-4370-BDCE-B8CCC3969C44}
	EndGlobalSection
EndGlobal
